
Microsoft Visual Studio Solution File, Format Version 12.00
# Visual Studio 15
VisualStudioVersion = 15.0.28010.2019
MinimumVisualStudioVersion = 10.0.40219.1
Project("{FAE04EC0-301F-11D3-BF4B-00C04F79EFBC}") = "DocumentDBDemo", "DocumentDBDemo\DocumentDBDemo.csproj", "{F57B8B91-CA88-4B0E-849F-C1CE52D568C7}"
EndProject
Project("{FAE04EC0-301F-11D3-BF4B-00C04F79EFBC}") = "DocumentDBWeb", "DocumentDBWeb\DocumentDBWeb.csproj", "{82E39A45-070E-4ED2-9217-AA2D21D816C5}"
EndProject
Global
	GlobalSection(SolutionConfigurationPlatforms) = preSolution
		Debug|Any CPU = Debug|Any CPU
		Release|Any CPU = Release|Any CPU
	EndGlobalSection
	GlobalSection(ProjectConfigurationPlatforms) = postSolution
		{F57B8B91-CA88-4B0E-849F-C1CE52D568C7}.Debug|Any CPU.ActiveCfg = Debug|Any CPU
		{F57B8B91-CA88-4B0E-849F-C1CE52D568C7}.Debug|Any CPU.Build.0 = Debug|Any CPU
		{F57B8B91-CA88-4B0E-849F-C1CE52D568C7}.Release|Any CPU.ActiveCfg = Release|Any CPU
		{F57B8B91-CA88-4B0E-849F-C1CE52D568C7}.Release|Any CPU.Build.0 = Release|Any CPU
		{82E39A45-070E-4ED2-9217-AA2D21D816C5}.Debug|Any CPU.ActiveCfg = Debug|Any CPU
		{82E39A45-070E-4ED2-9217-AA2D21D816C5}.Debug|Any CPU.Build.0 = Debug|Any CPU
		{82E39A45-070E-4ED2-9217-AA2D21D816C5}.Release|Any CPU.ActiveCfg = Release|Any CPU
		{82E39A45-070E-4ED2-9217-AA2D21D816C5}.Release|Any CPU.Build.0 = Release|Any CPU
	EndGlobalSection
	GlobalSection(SolutionProperties) = preSolution
		HideSolutionNode = FALSE
	EndGlobalSection
	GlobalSection(ExtensibilityGlobals) = postSolution
		SolutionGuid = {C0403E03-2E27-4DFA-82AC-99968A8602A5}
	EndGlobalSection
EndGlobal
